
Microsoft Visual Studio Solution File, Format Version 12.00
# Visual Studio 15
VisualStudioVersion = 15.0.27703.2026
MinimumVisualStudioVersion = 10.0.40219.1
Project("{2150E333-8FDC-42A3-9474-1A3956D46DE8}") = "IdentityService", "IdentityService", "{BDE129F6-DF33-44DC-9592-D4F7DF9C5D8E}"
EndProject
Project("{FAE04EC0-301F-11D3-BF4B-00C04F79EFBC}") = "Identity.Service", "Identity.Service\Identity.Service.csproj", "{5858FDAC-67DA-492B-8B5F-0D5CA49115E7}"
EndProject
Project("{FAE04EC0-301F-11D3-BF4B-00C04F79EFBC}") = "Identity.BL", "Identity.BL\Identity.BL.csproj", "{FC7F44D6-AB0E-4EF0-A3D3-AE3C8FBB4702}"
EndProject
Project("{FAE04EC0-301F-11D3-BF4B-00C04F79EFBC}") = "Identity.Common", "Identity.Common\Identity.Common.csproj", "{3DD6C1C7-CC6A-4AC5-B752-49A68892B2EF}"
EndProject
Project("{FAE04EC0-301F-11D3-BF4B-00C04F79EFBC}") = "Identity.DAL", "Identity.DAL\Identity.DAL.csproj", "{AAA3698D-6A43-49CE-9C4D-8CCBC06B50FE}"
EndProject
Project("{2150E333-8FDC-42A3-9474-1A3956D46DE8}") = "AuthenticationService", "AuthenticationService", "{1C5BE827-4BCE-429E-AB83-5CCCED12C0C2}"
EndProject
Project("{FAE04EC0-301F-11D3-BF4B-00C04F79EFBC}") = "AuthenticationServer", "AuthenticationServer\AuthenticationServer.csproj", "{E7086378-7E58-491E-9464-C249FC74D297}"
EndProject
Project("{FAE04EC0-301F-11D3-BF4B-00C04F79EFBC}") = "BL", "BL\BL.csproj", "{E760319B-F401-44C4-AFDE-FB4971E0F5AA}"
EndProject
Project("{FAE04EC0-301F-11D3-BF4B-00C04F79EFBC}") = "BL_Test", "BL_Test\BL_Test.csproj", "{013C9CF6-65F4-4CC3-9222-69CDCE50E1EB}"
EndProject
Project("{FAE04EC0-301F-11D3-BF4B-00C04F79EFBC}") = "Common", "Common\Common.csproj", "{ED2315D4-A9F1-4E65-8DE8-5F25445045EE}"
EndProject
Project("{FAE04EC0-301F-11D3-BF4B-00C04F79EFBC}") = "Dal", "Dal\Dal.csproj", "{3783499C-D086-4559-876A-7ED524CA74F5}"
EndProject
Project("{FAE04EC0-301F-11D3-BF4B-00C04F79EFBC}") = "Dal_Test", "Dal_Test\Dal_Test.csproj", "{39FFE213-F3F3-4ABE-B998-EF50094174F8}"
EndProject
Project("{2150E333-8FDC-42A3-9474-1A3956D46DE8}") = "SocialService", "SocialService", "{2571AD25-41C7-4614-9408-C57B752A93B4}"
EndProject
Project("{2150E333-8FDC-42A3-9474-1A3956D46DE8}") = "Client", "Client", "{9DAA14D7-2B7A-4EA4-B4C3-3FC3B1B886ED}"
EndProject
Project("{FAE04EC0-301F-11D3-BF4B-00C04F79EFBC}") = "Social.Common", "Social.Common\Social.Common.csproj", "{2B01771E-CD87-4C51-B86F-AA5FD404DE85}"
EndProject
Project("{FAE04EC0-301F-11D3-BF4B-00C04F79EFBC}") = "Social.DAL", "Social.DAL\Social.DAL.csproj", "{288524D8-7BA2-4304-BA0B-AF001DE43894}"
EndProject
Project("{FAE04EC0-301F-11D3-BF4B-00C04F79EFBC}") = "Social.DAL_Test", "Social.DAL_Test\Social.DAL_Test.csproj", "{218C6AEF-2D37-4885-B698-788FEBEC51D7}"
EndProject
Project("{2150E333-8FDC-42A3-9474-1A3956D46DE8}") = "ConsoleTest", "ConsoleTest", "{66E006B2-BE53-4280-958E-9D5E6E5EB44E}"
EndProject
Project("{FAE04EC0-301F-11D3-BF4B-00C04F79EFBC}") = "Test", "Test\Test.csproj", "{A8743EBD-923B-4C7B-8E6B-32DA590719E7}"
EndProject
Project("{FAE04EC0-301F-11D3-BF4B-00C04F79EFBC}") = "WebSite_SocialNetwork", "WebSite_SocialNetwork\WebSite_SocialNetwork.csproj", "{83A22301-27B7-438D-8B3C-9E56EE359F66}"
EndProject
Project("{FAE04EC0-301F-11D3-BF4B-00C04F79EFBC}") = "Social.Service", "Social.Service\Social.Service.csproj", "{2C7A81D9-39E2-4973-9BD7-E6F1665FC6A7}"
EndProject
Project("{FAE04EC0-301F-11D3-BF4B-00C04F79EFBC}") = "Social.Service_Test", "Social.Service_Test\Social.Service_Test.csproj", "{530B7889-0D06-4C50-9098-F53F9785E6F8}"
EndProject
Project("{FAE04EC0-301F-11D3-BF4B-00C04F79EFBC}") = "SocialBL", "SocialBL\SocialBL.csproj", "{74D1ABCD-F6F7-4130-A46F-10F32AC90577}"
EndProject
Project("{2150E333-8FDC-42A3-9474-1A3956D46DE8}") = "NotificationService", "NotificationService", "{5C940714-D997-43A4-870E-A08CCE775791}"
EndProject
Project("{FAE04EC0-301F-11D3-BF4B-00C04F79EFBC}") = "NotificationServer", "NotificationServer\NotificationServer.csproj", "{0178F337-D63E-4FA2-8B76-C1F9A0DD5BF1}"
EndProject
Project("{FAE04EC0-301F-11D3-BF4B-00C04F79EFBC}") = "Notification_Common", "Notification_Common\Notification_Common.csproj", "{8478BAD6-9237-468F-8134-BE441B3B3030}"
EndProject
Project("{FAE04EC0-301F-11D3-BF4B-00C04F79EFBC}") = "Notification_BL", "Notification_BL\Notification_BL.csproj", "{89A3D22D-6B43-4357-96B9-25785D18761B}"
EndProject
Global
	GlobalSection(SolutionConfigurationPlatforms) = preSolution
		Debug|Any CPU = Debug|Any CPU
		Release|Any CPU = Release|Any CPU
	EndGlobalSection
	GlobalSection(ProjectConfigurationPlatforms) = postSolution
		{5858FDAC-67DA-492B-8B5F-0D5CA49115E7}.Debug|Any CPU.ActiveCfg = Debug|Any CPU
		{5858FDAC-67DA-492B-8B5F-0D5CA49115E7}.Debug|Any CPU.Build.0 = Debug|Any CPU
		{5858FDAC-67DA-492B-8B5F-0D5CA49115E7}.Release|Any CPU.ActiveCfg = Release|Any CPU
		{5858FDAC-67DA-492B-8B5F-0D5CA49115E7}.Release|Any CPU.Build.0 = Release|Any CPU
		{FC7F44D6-AB0E-4EF0-A3D3-AE3C8FBB4702}.Debug|Any CPU.ActiveCfg = Debug|Any CPU
		{FC7F44D6-AB0E-4EF0-A3D3-AE3C8FBB4702}.Debug|Any CPU.Build.0 = Debug|Any CPU
		{FC7F44D6-AB0E-4EF0-A3D3-AE3C8FBB4702}.Release|Any CPU.ActiveCfg = Release|Any CPU
		{FC7F44D6-AB0E-4EF0-A3D3-AE3C8FBB4702}.Release|Any CPU.Build.0 = Release|Any CPU
		{3DD6C1C7-CC6A-4AC5-B752-49A68892B2EF}.Debug|Any CPU.ActiveCfg = Debug|Any CPU
		{3DD6C1C7-CC6A-4AC5-B752-49A68892B2EF}.Debug|Any CPU.Build.0 = Debug|Any CPU
		{3DD6C1C7-CC6A-4AC5-B752-49A68892B2EF}.Release|Any CPU.ActiveCfg = Release|Any CPU
		{3DD6C1C7-CC6A-4AC5-B752-49A68892B2EF}.Release|Any CPU.Build.0 = Release|Any CPU
		{AAA3698D-6A43-49CE-9C4D-8CCBC06B50FE}.Debug|Any CPU.ActiveCfg = Debug|Any CPU
		{AAA3698D-6A43-49CE-9C4D-8CCBC06B50FE}.Debug|Any CPU.Build.0 = Debug|Any CPU
		{AAA3698D-6A43-49CE-9C4D-8CCBC06B50FE}.Release|Any CPU.ActiveCfg = Release|Any CPU
		{AAA3698D-6A43-49CE-9C4D-8CCBC06B50FE}.Release|Any CPU.Build.0 = Release|Any CPU
		{E7086378-7E58-491E-9464-C249FC74D297}.Debug|Any CPU.ActiveCfg = Debug|Any CPU
		{E7086378-7E58-491E-9464-C249FC74D297}.Debug|Any CPU.Build.0 = Debug|Any CPU
		{E7086378-7E58-491E-9464-C249FC74D297}.Release|Any CPU.ActiveCfg = Release|Any CPU
		{E7086378-7E58-491E-9464-C249FC74D297}.Release|Any CPU.Build.0 = Release|Any CPU
		{E760319B-F401-44C4-AFDE-FB4971E0F5AA}.Debug|Any CPU.ActiveCfg = Debug|Any CPU
		{E760319B-F401-44C4-AFDE-FB4971E0F5AA}.Debug|Any CPU.Build.0 = Debug|Any CPU
		{E760319B-F401-44C4-AFDE-FB4971E0F5AA}.Release|Any CPU.ActiveCfg = Release|Any CPU
		{E760319B-F401-44C4-AFDE-FB4971E0F5AA}.Release|Any CPU.Build.0 = Release|Any CPU
		{013C9CF6-65F4-4CC3-9222-69CDCE50E1EB}.Debug|Any CPU.ActiveCfg = Debug|Any CPU
		{013C9CF6-65F4-4CC3-9222-69CDCE50E1EB}.Debug|Any CPU.Build.0 = Debug|Any CPU
		{013C9CF6-65F4-4CC3-9222-69CDCE50E1EB}.Release|Any CPU.ActiveCfg = Release|Any CPU
		{013C9CF6-65F4-4CC3-9222-69CDCE50E1EB}.Release|Any CPU.Build.0 = Release|Any CPU
		{ED2315D4-A9F1-4E65-8DE8-5F25445045EE}.Debug|Any CPU.ActiveCfg = Debug|Any CPU
		{ED2315D4-A9F1-4E65-8DE8-5F25445045EE}.Debug|Any CPU.Build.0 = Debug|Any CPU
		{ED2315D4-A9F1-4E65-8DE8-5F25445045EE}.Release|Any CPU.ActiveCfg = Release|Any CPU
		{ED2315D4-A9F1-4E65-8DE8-5F25445045EE}.Release|Any CPU.Build.0 = Release|Any CPU
		{3783499C-D086-4559-876A-7ED524CA74F5}.Debug|Any CPU.ActiveCfg = Debug|Any CPU
		{3783499C-D086-4559-876A-7ED524CA74F5}.Debug|Any CPU.Build.0 = Debug|Any CPU
		{3783499C-D086-4559-876A-7ED524CA74F5}.Release|Any CPU.ActiveCfg = Release|Any CPU
		{3783499C-D086-4559-876A-7ED524CA74F5}.Release|Any CPU.Build.0 = Release|Any CPU
		{39FFE213-F3F3-4ABE-B998-EF50094174F8}.Debug|Any CPU.ActiveCfg = Debug|Any CPU
		{39FFE213-F3F3-4ABE-B998-EF50094174F8}.Debug|Any CPU.Build.0 = Debug|Any CPU
		{39FFE213-F3F3-4ABE-B998-EF50094174F8}.Release|Any CPU.ActiveCfg = Release|Any CPU
		{39FFE213-F3F3-4ABE-B998-EF50094174F8}.Release|Any CPU.Build.0 = Release|Any CPU
		{2B01771E-CD87-4C51-B86F-AA5FD404DE85}.Debug|Any CPU.ActiveCfg = Debug|Any CPU
		{2B01771E-CD87-4C51-B86F-AA5FD404DE85}.Debug|Any CPU.Build.0 = Debug|Any CPU
		{2B01771E-CD87-4C51-B86F-AA5FD404DE85}.Release|Any CPU.ActiveCfg = Release|Any CPU
		{2B01771E-CD87-4C51-B86F-AA5FD404DE85}.Release|Any CPU.Build.0 = Release|Any CPU
		{288524D8-7BA2-4304-BA0B-AF001DE43894}.Debug|Any CPU.ActiveCfg = Debug|Any CPU
		{288524D8-7BA2-4304-BA0B-AF001DE43894}.Debug|Any CPU.Build.0 = Debug|Any CPU
		{288524D8-7BA2-4304-BA0B-AF001DE43894}.Release|Any CPU.ActiveCfg = Release|Any CPU
		{288524D8-7BA2-4304-BA0B-AF001DE43894}.Release|Any CPU.Build.0 = Release|Any CPU
		{218C6AEF-2D37-4885-B698-788FEBEC51D7}.Debug|Any CPU.ActiveCfg = Debug|Any CPU
		{218C6AEF-2D37-4885-B698-788FEBEC51D7}.Debug|Any CPU.Build.0 = Debug|Any CPU
		{218C6AEF-2D37-4885-B698-788FEBEC51D7}.Release|Any CPU.ActiveCfg = Release|Any CPU
		{218C6AEF-2D37-4885-B698-788FEBEC51D7}.Release|Any CPU.Build.0 = Release|Any CPU
		{A8743EBD-923B-4C7B-8E6B-32DA590719E7}.Debug|Any CPU.ActiveCfg = Debug|Any CPU
		{A8743EBD-923B-4C7B-8E6B-32DA590719E7}.Debug|Any CPU.Build.0 = Debug|Any CPU
		{A8743EBD-923B-4C7B-8E6B-32DA590719E7}.Release|Any CPU.ActiveCfg = Release|Any CPU
		{A8743EBD-923B-4C7B-8E6B-32DA590719E7}.Release|Any CPU.Build.0 = Release|Any CPU
		{83A22301-27B7-438D-8B3C-9E56EE359F66}.Debug|Any CPU.ActiveCfg = Debug|Any CPU
		{83A22301-27B7-438D-8B3C-9E56EE359F66}.Debug|Any CPU.Build.0 = Debug|Any CPU
		{83A22301-27B7-438D-8B3C-9E56EE359F66}.Release|Any CPU.ActiveCfg = Release|Any CPU
		{83A22301-27B7-438D-8B3C-9E56EE359F66}.Release|Any CPU.Build.0 = Release|Any CPU
		{2C7A81D9-39E2-4973-9BD7-E6F1665FC6A7}.Debug|Any CPU.ActiveCfg = Debug|Any CPU
		{2C7A81D9-39E2-4973-9BD7-E6F1665FC6A7}.Debug|Any CPU.Build.0 = Debug|Any CPU
		{2C7A81D9-39E2-4973-9BD7-E6F1665FC6A7}.Release|Any CPU.ActiveCfg = Release|Any CPU
		{2C7A81D9-39E2-4973-9BD7-E6F1665FC6A7}.Release|Any CPU.Build.0 = Release|Any CPU
		{530B7889-0D06-4C50-9098-F53F9785E6F8}.Debug|Any CPU.ActiveCfg = Debug|Any CPU
		{530B7889-0D06-4C50-9098-F53F9785E6F8}.Debug|Any CPU.Build.0 = Debug|Any CPU
		{530B7889-0D06-4C50-9098-F53F9785E6F8}.Release|Any CPU.ActiveCfg = Release|Any CPU
		{530B7889-0D06-4C50-9098-F53F9785E6F8}.Release|Any CPU.Build.0 = Release|Any CPU
		{74D1ABCD-F6F7-4130-A46F-10F32AC90577}.Debug|Any CPU.ActiveCfg = Debug|Any CPU
		{74D1ABCD-F6F7-4130-A46F-10F32AC90577}.Debug|Any CPU.Build.0 = Debug|Any CPU
		{74D1ABCD-F6F7-4130-A46F-10F32AC90577}.Release|Any CPU.ActiveCfg = Release|Any CPU
		{74D1ABCD-F6F7-4130-A46F-10F32AC90577}.Release|Any CPU.Build.0 = Release|Any CPU
		{0178F337-D63E-4FA2-8B76-C1F9A0DD5BF1}.Debug|Any CPU.ActiveCfg = Debug|Any CPU
		{0178F337-D63E-4FA2-8B76-C1F9A0DD5BF1}.Debug|Any CPU.Build.0 = Debug|Any CPU
		{0178F337-D63E-4FA2-8B76-C1F9A0DD5BF1}.Release|Any CPU.ActiveCfg = Release|Any CPU
		{0178F337-D63E-4FA2-8B76-C1F9A0DD5BF1}.Release|Any CPU.Build.0 = Release|Any CPU
		{8478BAD6-9237-468F-8134-BE441B3B3030}.Debug|Any CPU.ActiveCfg = Debug|Any CPU
		{8478BAD6-9237-468F-8134-BE441B3B3030}.Debug|Any CPU.Build.0 = Debug|Any CPU
		{8478BAD6-9237-468F-8134-BE441B3B3030}.Release|Any CPU.ActiveCfg = Release|Any CPU
		{8478BAD6-9237-468F-8134-BE441B3B3030}.Release|Any CPU.Build.0 = Release|Any CPU
		{89A3D22D-6B43-4357-96B9-25785D18761B}.Debug|Any CPU.ActiveCfg = Debug|Any CPU
		{89A3D22D-6B43-4357-96B9-25785D18761B}.Debug|Any CPU.Build.0 = Debug|Any CPU
		{89A3D22D-6B43-4357-96B9-25785D18761B}.Release|Any CPU.ActiveCfg = Release|Any CPU
		{89A3D22D-6B43-4357-96B9-25785D18761B}.Release|Any CPU.Build.0 = Release|Any CPU
	EndGlobalSection
	GlobalSection(SolutionProperties) = preSolution
		HideSolutionNode = FALSE
	EndGlobalSection
	GlobalSection(NestedProjects) = preSolution
		{5858FDAC-67DA-492B-8B5F-0D5CA49115E7} = {BDE129F6-DF33-44DC-9592-D4F7DF9C5D8E}
		{FC7F44D6-AB0E-4EF0-A3D3-AE3C8FBB4702} = {BDE129F6-DF33-44DC-9592-D4F7DF9C5D8E}
		{3DD6C1C7-CC6A-4AC5-B752-49A68892B2EF} = {BDE129F6-DF33-44DC-9592-D4F7DF9C5D8E}
		{AAA3698D-6A43-49CE-9C4D-8CCBC06B50FE} = {BDE129F6-DF33-44DC-9592-D4F7DF9C5D8E}
		{E7086378-7E58-491E-9464-C249FC74D297} = {1C5BE827-4BCE-429E-AB83-5CCCED12C0C2}
		{E760319B-F401-44C4-AFDE-FB4971E0F5AA} = {1C5BE827-4BCE-429E-AB83-5CCCED12C0C2}
		{013C9CF6-65F4-4CC3-9222-69CDCE50E1EB} = {1C5BE827-4BCE-429E-AB83-5CCCED12C0C2}
		{ED2315D4-A9F1-4E65-8DE8-5F25445045EE} = {1C5BE827-4BCE-429E-AB83-5CCCED12C0C2}
		{3783499C-D086-4559-876A-7ED524CA74F5} = {1C5BE827-4BCE-429E-AB83-5CCCED12C0C2}
		{39FFE213-F3F3-4ABE-B998-EF50094174F8} = {1C5BE827-4BCE-429E-AB83-5CCCED12C0C2}
		{2B01771E-CD87-4C51-B86F-AA5FD404DE85} = {2571AD25-41C7-4614-9408-C57B752A93B4}
		{288524D8-7BA2-4304-BA0B-AF001DE43894} = {2571AD25-41C7-4614-9408-C57B752A93B4}
		{218C6AEF-2D37-4885-B698-788FEBEC51D7} = {2571AD25-41C7-4614-9408-C57B752A93B4}
		{A8743EBD-923B-4C7B-8E6B-32DA590719E7} = {66E006B2-BE53-4280-958E-9D5E6E5EB44E}
		{83A22301-27B7-438D-8B3C-9E56EE359F66} = {9DAA14D7-2B7A-4EA4-B4C3-3FC3B1B886ED}
		{2C7A81D9-39E2-4973-9BD7-E6F1665FC6A7} = {2571AD25-41C7-4614-9408-C57B752A93B4}
		{530B7889-0D06-4C50-9098-F53F9785E6F8} = {2571AD25-41C7-4614-9408-C57B752A93B4}
		{74D1ABCD-F6F7-4130-A46F-10F32AC90577} = {2571AD25-41C7-4614-9408-C57B752A93B4}
		{0178F337-D63E-4FA2-8B76-C1F9A0DD5BF1} = {5C940714-D997-43A4-870E-A08CCE775791}
		{8478BAD6-9237-468F-8134-BE441B3B3030} = {5C940714-D997-43A4-870E-A08CCE775791}
		{89A3D22D-6B43-4357-96B9-25785D18761B} = {5C940714-D997-43A4-870E-A08CCE775791}
	EndGlobalSection
	GlobalSection(ExtensibilityGlobals) = postSolution
		SolutionGuid = {0F9007C2-C92F-4371-AB30-E262C9B244A2}
	EndGlobalSection
EndGlobal
